
Microsoft Visual Studio Solution File, Format Version 12.00
Project("{FAE04EC0-301F-11D3-BF4B-00C04F79EFBC}") = "AioTieba4DotNet.Tests.Online", "AioTieba4DotNet.Tests.Online\AioTieba4DotNet.Tests.Online.csproj", "{F6A44D88-84F0-4F2F-B845-751872B8FBB3}"
EndProject
Project("{FAE04EC0-301F-11D3-BF4B-00C04F79EFBC}") = "AioTieba4DotNet.Tests.Governance", "AioTieba4DotNet.Tests.Governance\AioTieba4DotNet.Tests.Governance.csproj", "{7C39081F-70A8-4B1C-8C0D-6A08F71C8C73}"
EndProject
Project("{FAE04EC0-301F-11D3-BF4B-00C04F79EFBC}") = "AioTieba4DotNet.Tests.Platform", "AioTieba4DotNet.Tests.Platform\AioTieba4DotNet.Tests.Platform.csproj", "{E0A97F45-6B72-4A64-97A2-5B3F7C4098E1}"
EndProject
Project("{FAE04EC0-301F-11D3-BF4B-00C04F79EFBC}") = "AioTieba4DotNet", "AioTieba4DotNet\AioTieba4DotNet.csproj", "{44F54383-4B37-F6E0-73FE-5F3574ED2B97}"
EndProject
Project("{FAE04EC0-301F-11D3-BF4B-00C04F79EFBC}") = "ProtoGenerator", "ProtoGenerator\ProtoGenerator.csproj", "{2C3FBA57-0791-4058-BB93-E60ACD7A6EC5}"
EndProject
Global
	GlobalSection(SolutionConfigurationPlatforms) = preSolution
		Debug|Any CPU = Debug|Any CPU
		Release|Any CPU = Release|Any CPU
	EndGlobalSection
	GlobalSection(ProjectConfigurationPlatforms) = postSolution
		{F6A44D88-84F0-4F2F-B845-751872B8FBB3}.Debug|Any CPU.ActiveCfg = Debug|Any CPU
		{F6A44D88-84F0-4F2F-B845-751872B8FBB3}.Debug|Any CPU.Build.0 = Debug|Any CPU
		{F6A44D88-84F0-4F2F-B845-751872B8FBB3}.Release|Any CPU.ActiveCfg = Release|Any CPU
		{F6A44D88-84F0-4F2F-B845-751872B8FBB3}.Release|Any CPU.Build.0 = Release|Any CPU
		{7C39081F-70A8-4B1C-8C0D-6A08F71C8C73}.Debug|Any CPU.ActiveCfg = Debug|Any CPU
		{7C39081F-70A8-4B1C-8C0D-6A08F71C8C73}.Debug|Any CPU.Build.0 = Debug|Any CPU
		{7C39081F-70A8-4B1C-8C0D-6A08F71C8C73}.Release|Any CPU.ActiveCfg = Release|Any CPU
		{7C39081F-70A8-4B1C-8C0D-6A08F71C8C73}.Release|Any CPU.Build.0 = Release|Any CPU
		{E0A97F45-6B72-4A64-97A2-5B3F7C4098E1}.Debug|Any CPU.ActiveCfg = Debug|Any CPU
		{E0A97F45-6B72-4A64-97A2-5B3F7C4098E1}.Debug|Any CPU.Build.0 = Debug|Any CPU
		{E0A97F45-6B72-4A64-97A2-5B3F7C4098E1}.Release|Any CPU.ActiveCfg = Release|Any CPU
		{E0A97F45-6B72-4A64-97A2-5B3F7C4098E1}.Release|Any CPU.Build.0 = Release|Any CPU
		{44F54383-4B37-F6E0-73FE-5F3574ED2B97}.Debug|Any CPU.ActiveCfg = Debug|Any CPU
		{44F54383-4B37-F6E0-73FE-5F3574ED2B97}.Debug|Any CPU.Build.0 = Debug|Any CPU
		{44F54383-4B37-F6E0-73FE-5F3574ED2B97}.Release|Any CPU.ActiveCfg = Release|Any CPU
		{44F54383-4B37-F6E0-73FE-5F3574ED2B97}.Release|Any CPU.Build.0 = Release|Any CPU
		{2C3FBA57-0791-4058-BB93-E60ACD7A6EC5}.Debug|Any CPU.ActiveCfg = Debug|Any CPU
		{2C3FBA57-0791-4058-BB93-E60ACD7A6EC5}.Debug|Any CPU.Build.0 = Debug|Any CPU
		{2C3FBA57-0791-4058-BB93-E60ACD7A6EC5}.Release|Any CPU.ActiveCfg = Release|Any CPU
		{2C3FBA57-0791-4058-BB93-E60ACD7A6EC5}.Release|Any CPU.Build.0 = Release|Any CPU
	EndGlobalSection
EndGlobal
