
Microsoft Visual Studio Solution File, Format Version 12.00
Project("{FAE04EC0-301F-11D3-BF4B-00C04F79EFBC}") = "AioTieba4DotNet.Tests.Infrastructure", "AioTieba4DotNet.Tests.Infrastructure\AioTieba4DotNet.Tests.Infrastructure.csproj", "{A6D3C90B-98F0-41B3-A329-5E2C81D1D4A1}"
EndProject
Project("{FAE04EC0-301F-11D3-BF4B-00C04F79EFBC}") = "AioTieba4DotNet.Tests.Online.Safe", "AioTieba4DotNet.Tests.Online.Safe\AioTieba4DotNet.Tests.Online.Safe.csproj", "{B8479B4D-0E11-4A7D-9E4E-5A28E8078B12}"
EndProject
Project("{FAE04EC0-301F-11D3-BF4B-00C04F79EFBC}") = "AioTieba4DotNet.Tests.Online.Restricted", "AioTieba4DotNet.Tests.Online.Restricted\AioTieba4DotNet.Tests.Online.Restricted.csproj", "{C3353574-3B51-4AB4-88C7-345D0AC6D023}"
EndProject
Project("{FAE04EC0-301F-11D3-BF4B-00C04F79EFBC}") = "AioTieba4DotNet.Tests.Online.Suite", "AioTieba4DotNet.Tests.Online.Suite\AioTieba4DotNet.Tests.Online.Suite.csproj", "{D5EE34A0-E39E-4F8B-9E89-4F9C768D35B4}"
EndProject
Project("{FAE04EC0-301F-11D3-BF4B-00C04F79EFBC}") = "AioTieba4DotNet", "AioTieba4DotNet\AioTieba4DotNet.csproj", "{44F54383-4B37-F6E0-73FE-5F3574ED2B97}"
EndProject
Project("{FAE04EC0-301F-11D3-BF4B-00C04F79EFBC}") = "ProtoGenerator", "ProtoGenerator\ProtoGenerator.csproj", "{2C3FBA57-0791-4058-BB93-E60ACD7A6EC5}"
EndProject
Global
	GlobalSection(SolutionConfigurationPlatforms) = preSolution
		Debug|Any CPU = Debug|Any CPU
		Release|Any CPU = Release|Any CPU
	EndGlobalSection
	GlobalSection(ProjectConfigurationPlatforms) = postSolution
		{A6D3C90B-98F0-41B3-A329-5E2C81D1D4A1}.Debug|Any CPU.ActiveCfg = Debug|Any CPU
		{A6D3C90B-98F0-41B3-A329-5E2C81D1D4A1}.Debug|Any CPU.Build.0 = Debug|Any CPU
		{A6D3C90B-98F0-41B3-A329-5E2C81D1D4A1}.Release|Any CPU.ActiveCfg = Release|Any CPU
		{A6D3C90B-98F0-41B3-A329-5E2C81D1D4A1}.Release|Any CPU.Build.0 = Release|Any CPU
		{B8479B4D-0E11-4A7D-9E4E-5A28E8078B12}.Debug|Any CPU.ActiveCfg = Debug|Any CPU
		{B8479B4D-0E11-4A7D-9E4E-5A28E8078B12}.Debug|Any CPU.Build.0 = Debug|Any CPU
		{B8479B4D-0E11-4A7D-9E4E-5A28E8078B12}.Release|Any CPU.ActiveCfg = Release|Any CPU
		{B8479B4D-0E11-4A7D-9E4E-5A28E8078B12}.Release|Any CPU.Build.0 = Release|Any CPU
		{C3353574-3B51-4AB4-88C7-345D0AC6D023}.Debug|Any CPU.ActiveCfg = Debug|Any CPU
		{C3353574-3B51-4AB4-88C7-345D0AC6D023}.Debug|Any CPU.Build.0 = Debug|Any CPU
		{C3353574-3B51-4AB4-88C7-345D0AC6D023}.Release|Any CPU.ActiveCfg = Release|Any CPU
		{C3353574-3B51-4AB4-88C7-345D0AC6D023}.Release|Any CPU.Build.0 = Release|Any CPU
		{D5EE34A0-E39E-4F8B-9E89-4F9C768D35B4}.Debug|Any CPU.ActiveCfg = Debug|Any CPU
		{D5EE34A0-E39E-4F8B-9E89-4F9C768D35B4}.Debug|Any CPU.Build.0 = Debug|Any CPU
		{D5EE34A0-E39E-4F8B-9E89-4F9C768D35B4}.Release|Any CPU.ActiveCfg = Release|Any CPU
		{D5EE34A0-E39E-4F8B-9E89-4F9C768D35B4}.Release|Any CPU.Build.0 = Release|Any CPU
		{44F54383-4B37-F6E0-73FE-5F3574ED2B97}.Debug|Any CPU.ActiveCfg = Debug|Any CPU
		{44F54383-4B37-F6E0-73FE-5F3574ED2B97}.Debug|Any CPU.Build.0 = Debug|Any CPU
		{44F54383-4B37-F6E0-73FE-5F3574ED2B97}.Release|Any CPU.ActiveCfg = Release|Any CPU
		{44F54383-4B37-F6E0-73FE-5F3574ED2B97}.Release|Any CPU.Build.0 = Release|Any CPU
		{2C3FBA57-0791-4058-BB93-E60ACD7A6EC5}.Debug|Any CPU.ActiveCfg = Debug|Any CPU
		{2C3FBA57-0791-4058-BB93-E60ACD7A6EC5}.Debug|Any CPU.Build.0 = Debug|Any CPU
		{2C3FBA57-0791-4058-BB93-E60ACD7A6EC5}.Release|Any CPU.ActiveCfg = Release|Any CPU
		{2C3FBA57-0791-4058-BB93-E60ACD7A6EC5}.Release|Any CPU.Build.0 = Release|Any CPU
	EndGlobalSection
EndGlobal
